
Microsoft Visual Studio Solution File, Format Version 12.00
# Visual Studio Version 17
VisualStudioVersion = 17.4.33403.182
MinimumVisualStudioVersion = 10.0.40219.1
Project("{FAE04EC0-301F-11D3-BF4B-00C04F79EFBC}") = "CRUDOP2", "CRUDOP2.csproj", "{5826BDFB-9EF0-49AD-B11F-C560AC48D9EE}"
EndProject
Global
	GlobalSection(SolutionConfigurationPlatforms) = preSolution
		Debug|Any CPU = Debug|Any CPU
		Release|Any CPU = Release|Any CPU
	EndGlobalSection
	GlobalSection(ProjectConfigurationPlatforms) = postSolution
		{5826BDFB-9EF0-49AD-B11F-C560AC48D9EE}.Debug|Any CPU.ActiveCfg = Debug|Any CPU
		{5826BDFB-9EF0-49AD-B11F-C560AC48D9EE}.Debug|Any CPU.Build.0 = Debug|Any CPU
		{5826BDFB-9EF0-49AD-B11F-C560AC48D9EE}.Release|Any CPU.ActiveCfg = Release|Any CPU
		{5826BDFB-9EF0-49AD-B11F-C560AC48D9EE}.Release|Any CPU.Build.0 = Release|Any CPU
	EndGlobalSection
	GlobalSection(SolutionProperties) = preSolution
		HideSolutionNode = FALSE
	EndGlobalSection
	GlobalSection(ExtensibilityGlobals) = postSolution
		SolutionGuid = {CF418621-DA07-4858-BDCB-0AE168BC2234}
	EndGlobalSection
EndGlobal
